
Microsoft Visual Studio Solution File, Format Version 12.00
# Visual Studio Version 17
VisualStudioVersion = 17.5.33530.505
MinimumVisualStudioVersion = 10.0.40219.1
Project("{FAE04EC0-301F-11D3-BF4B-00C04F79EFBC}") = "Farmacia DyM", "Farmacia DyM\Farmacia DyM.csproj", "{19CBD821-38BD-46EA-BC57-0BC144E82299}"
EndProject
Global
	GlobalSection(SolutionConfigurationPlatforms) = preSolution
		Debug|Any CPU = Debug|Any CPU
		Release|Any CPU = Release|Any CPU
	EndGlobalSection
	GlobalSection(ProjectConfigurationPlatforms) = postSolution
		{19CBD821-38BD-46EA-BC57-0BC144E82299}.Debug|Any CPU.ActiveCfg = Debug|Any CPU
		{19CBD821-38BD-46EA-BC57-0BC144E82299}.Debug|Any CPU.Build.0 = Debug|Any CPU
		{19CBD821-38BD-46EA-BC57-0BC144E82299}.Release|Any CPU.ActiveCfg = Release|Any CPU
		{19CBD821-38BD-46EA-BC57-0BC144E82299}.Release|Any CPU.Build.0 = Release|Any CPU
	EndGlobalSection
	GlobalSection(SolutionProperties) = preSolution
		HideSolutionNode = FALSE
	EndGlobalSection
	GlobalSection(ExtensibilityGlobals) = postSolution
		SolutionGuid = {633F4AA8-E3D5-4EAA-8A08-FE38B92A692D}
	EndGlobalSection
EndGlobal
